
Microsoft Visual Studio Solution File, Format Version 12.00
# Visual Studio Version 17
VisualStudioVersion = 17.1.32414.318
MinimumVisualStudioVersion = 10.0.40219.1
Project("{FAE04EC0-301F-11D3-BF4B-00C04F79EFBC}") = "StackOverflowClone.DomainModels", "StackOverflowClone.DomainModels\StackOverflowClone.DomainModels.csproj", "{837F0145-1962-463D-A438-500A76C044D3}"
EndProject
Project("{FAE04EC0-301F-11D3-BF4B-00C04F79EFBC}") = "StackOverflowClone.ViewModels", "StackOverflowClone.ViewModels\StackOverflowClone.ViewModels.csproj", "{4F36F305-8F7B-4CE4-980C-D31505177A0A}"
EndProject
Project("{FAE04EC0-301F-11D3-BF4B-00C04F79EFBC}") = "StackOverflowClone.ServiceLayer", "StackOverflowClone.ServiceLayer\StackOverflowClone.ServiceLayer.csproj", "{64CB0521-5A4C-4346-AADE-6A341F900908}"
EndProject
Project("{FAE04EC0-301F-11D3-BF4B-00C04F79EFBC}") = "StackOverflowClone", "StackOverflowClone\StackOverflowClone.csproj", "{F7DC8C18-580A-44FA-9844-DF4C6EFE43C7}"
EndProject
Project("{FAE04EC0-301F-11D3-BF4B-00C04F79EFBC}") = "StackOverflowClone.Repositories", "StackOverflowClone.Repositories\StackOverflowClone.Repositories.csproj", "{B189D2E3-51D9-4FC8-B072-530EBFB405B0}"
EndProject
Global
	GlobalSection(SolutionConfigurationPlatforms) = preSolution
		Debug|Any CPU = Debug|Any CPU
		Release|Any CPU = Release|Any CPU
	EndGlobalSection
	GlobalSection(ProjectConfigurationPlatforms) = postSolution
		{837F0145-1962-463D-A438-500A76C044D3}.Debug|Any CPU.ActiveCfg = Debug|Any CPU
		{837F0145-1962-463D-A438-500A76C044D3}.Debug|Any CPU.Build.0 = Debug|Any CPU
		{837F0145-1962-463D-A438-500A76C044D3}.Release|Any CPU.ActiveCfg = Release|Any CPU
		{837F0145-1962-463D-A438-500A76C044D3}.Release|Any CPU.Build.0 = Release|Any CPU
		{4F36F305-8F7B-4CE4-980C-D31505177A0A}.Debug|Any CPU.ActiveCfg = Debug|Any CPU
		{4F36F305-8F7B-4CE4-980C-D31505177A0A}.Debug|Any CPU.Build.0 = Debug|Any CPU
		{4F36F305-8F7B-4CE4-980C-D31505177A0A}.Release|Any CPU.ActiveCfg = Release|Any CPU
		{4F36F305-8F7B-4CE4-980C-D31505177A0A}.Release|Any CPU.Build.0 = Release|Any CPU
		{64CB0521-5A4C-4346-AADE-6A341F900908}.Debug|Any CPU.ActiveCfg = Debug|Any CPU
		{64CB0521-5A4C-4346-AADE-6A341F900908}.Debug|Any CPU.Build.0 = Debug|Any CPU
		{64CB0521-5A4C-4346-AADE-6A341F900908}.Release|Any CPU.ActiveCfg = Release|Any CPU
		{64CB0521-5A4C-4346-AADE-6A341F900908}.Release|Any CPU.Build.0 = Release|Any CPU
		{F7DC8C18-580A-44FA-9844-DF4C6EFE43C7}.Debug|Any CPU.ActiveCfg = Debug|Any CPU
		{F7DC8C18-580A-44FA-9844-DF4C6EFE43C7}.Debug|Any CPU.Build.0 = Debug|Any CPU
		{F7DC8C18-580A-44FA-9844-DF4C6EFE43C7}.Release|Any CPU.ActiveCfg = Release|Any CPU
		{F7DC8C18-580A-44FA-9844-DF4C6EFE43C7}.Release|Any CPU.Build.0 = Release|Any CPU
		{B189D2E3-51D9-4FC8-B072-530EBFB405B0}.Debug|Any CPU.ActiveCfg = Debug|Any CPU
		{B189D2E3-51D9-4FC8-B072-530EBFB405B0}.Debug|Any CPU.Build.0 = Debug|Any CPU
		{B189D2E3-51D9-4FC8-B072-530EBFB405B0}.Release|Any CPU.ActiveCfg = Release|Any CPU
		{B189D2E3-51D9-4FC8-B072-530EBFB405B0}.Release|Any CPU.Build.0 = Release|Any CPU
	EndGlobalSection
	GlobalSection(SolutionProperties) = preSolution
		HideSolutionNode = FALSE
	EndGlobalSection
	GlobalSection(ExtensibilityGlobals) = postSolution
		SolutionGuid = {2B714549-E598-4470-98FF-27DD1F91893C}
	EndGlobalSection
EndGlobal
